version: 1.0.0
dependencies:
- name: argo-cd
  repository: https://argoproj.github.io/argo-helm
  version: 7.9.0
- name: kube-prometheus-stack
  repository: https://prometheus-community.github.io/helm-charts
  version: 71.2.0
- name: vault
  repository: https://helm.releases.hashicorp.com
  version: 0.30.0
digest: sha256:5a1ad1ecdb4461397226317b5940aebd80cdeb32d9a37cfb13d438252a9c274e
generated: '2025-05-04T23:13:07.202688932-05:00'
